
Microsoft Visual Studio Solution File, Format Version 11.00
# Visual Studio 2010
Project("{FAE04EC0-301F-11D3-BF4B-00C04F79EFBC}") = "Assembly-CSharp", "Assembly-CSharp.csproj", "{EF5B7A51-F353-BB85-5074-ADBBEB701667}"
EndProject
Project("{FAE04EC0-301F-11D3-BF4B-00C04F79EFBC}") = "Assembly-CSharp-Editor", "Assembly-CSharp-Editor.csproj", "{F17168FF-239E-63FE-CAF2-71C0A0F84CD6}"
EndProject
Global
	GlobalSection(SolutionConfigurationPlatforms) = preSolution
		Debug|Any CPU = Debug|Any CPU
		Release|Any CPU = Release|Any CPU
	EndGlobalSection
	GlobalSection(ProjectConfigurationPlatforms) = postSolution
		{EF5B7A51-F353-BB85-5074-ADBBEB701667}.Debug|Any CPU.ActiveCfg = Debug|Any CPU
		{EF5B7A51-F353-BB85-5074-ADBBEB701667}.Debug|Any CPU.Build.0 = Debug|Any CPU
		{EF5B7A51-F353-BB85-5074-ADBBEB701667}.Release|Any CPU.ActiveCfg = Release|Any CPU
		{EF5B7A51-F353-BB85-5074-ADBBEB701667}.Release|Any CPU.Build.0 = Release|Any CPU
		{F17168FF-239E-63FE-CAF2-71C0A0F84CD6}.Debug|Any CPU.ActiveCfg = Debug|Any CPU
		{F17168FF-239E-63FE-CAF2-71C0A0F84CD6}.Debug|Any CPU.Build.0 = Debug|Any CPU
		{F17168FF-239E-63FE-CAF2-71C0A0F84CD6}.Release|Any CPU.ActiveCfg = Release|Any CPU
		{F17168FF-239E-63FE-CAF2-71C0A0F84CD6}.Release|Any CPU.Build.0 = Release|Any CPU
	EndGlobalSection
	GlobalSection(SolutionProperties) = preSolution
		HideSolutionNode = FALSE
	EndGlobalSection
	GlobalSection(MonoDevelopProperties) = preSolution
		StartupItem = Assembly-CSharp.csproj
	EndGlobalSection
EndGlobal
